// !$*UTF8*$!
{
	archiveVersion = 1;
	classes = {
	};
	objectVersion = 56;
	objects = {

/* Begin PBXBuildFile section */
		321B9BB52A53394D00077A8A /* ImageLoader.swift in Sources */ = {isa = PBXBuildFile; fileRef = 321B9BB42A53394D00077A8A /* ImageLoader.swift */; };
		321B9BB72A535E7F00077A8A /* ImageCache.swift in Sources */ = {isa = PBXBuildFile; fileRef = 321B9BB62A535E7F00077A8A /* ImageCache.swift */; };
		323D58C22A4C2DFF00148D42 /* MainMenuView.swift in Sources */ = {isa = PBXBuildFile; fileRef = 323D58C12A4C2DFF00148D42 /* MainMenuView.swift */; };
		323D58C42A4C349700148D42 /* Category.swift in Sources */ = {isa = PBXBuildFile; fileRef = 323D58C32A4C349700148D42 /* Category.swift */; };
		323D58C62A4C34BB00148D42 /* Dishes.swift in Sources */ = {isa = PBXBuildFile; fileRef = 323D58C52A4C34BB00148D42 /* Dishes.swift */; };
		323D58C82A4C350300148D42 /* dishesModelData.json in Resources */ = {isa = PBXBuildFile; fileRef = 323D58C72A4C350200148D42 /* dishesModelData.json */; };
		323D58CA2A4C36C000148D42 /* Data.swift in Sources */ = {isa = PBXBuildFile; fileRef = 323D58C92A4C36C000148D42 /* Data.swift */; };
		323D58CF2A4C397F00148D42 /* MainMenuItem.swift in Sources */ = {isa = PBXBuildFile; fileRef = 323D58CE2A4C397F00148D42 /* MainMenuItem.swift */; };
		323D58D12A4C418B00148D42 /* categoryModelData.json in Resources */ = {isa = PBXBuildFile; fileRef = 323D58D02A4C418B00148D42 /* categoryModelData.json */; };
		323D58D32A4C522C00148D42 /* MainMenuRow.swift in Sources */ = {isa = PBXBuildFile; fileRef = 323D58D22A4C522C00148D42 /* MainMenuRow.swift */; };
		323D58D82A4C731800148D42 /* CategoryView.swift in Sources */ = {isa = PBXBuildFile; fileRef = 323D58D72A4C731800148D42 /* CategoryView.swift */; };
		323D58DA2A4C7CCA00148D42 /* CategoryItem.swift in Sources */ = {isa = PBXBuildFile; fileRef = 323D58D92A4C7CCA00148D42 /* CategoryItem.swift */; };
		323D58DC2A4C7FAE00148D42 /* CategoryRow.swift in Sources */ = {isa = PBXBuildFile; fileRef = 323D58DB2A4C7FAE00148D42 /* CategoryRow.swift */; };
		326377AD2A4D5FCD00E26F7D /* ProductView.swift in Sources */ = {isa = PBXBuildFile; fileRef = 326377AC2A4D5FCD00E26F7D /* ProductView.swift */; };
		3266FD602A4EB81B008B1F3B /* SortingCategory.swift in Sources */ = {isa = PBXBuildFile; fileRef = 3266FD5F2A4EB81B008B1F3B /* SortingCategory.swift */; };
		3266FD642A4ED1AE008B1F3B /* CartManager.swift in Sources */ = {isa = PBXBuildFile; fileRef = 3266FD632A4ED1AE008B1F3B /* CartManager.swift */; };
		327C28DA2A4DB8510025912D /* BagItem.swift in Sources */ = {isa = PBXBuildFile; fileRef = 327C28D92A4DB8510025912D /* BagItem.swift */; };
		327C28DC2A4DCA420025912D /* BagRow.swift in Sources */ = {isa = PBXBuildFile; fileRef = 327C28DB2A4DCA420025912D /* BagRow.swift */; };
		327C28DE2A4DCA4D0025912D /* BagView.swift in Sources */ = {isa = PBXBuildFile; fileRef = 327C28DD2A4DCA4D0025912D /* BagView.swift */; };
		3290957F2A4B38B700E605D5 /* TestApp.swift in Sources */ = {isa = PBXBuildFile; fileRef = 3290957E2A4B38B700E605D5 /* TestApp.swift */; };
		329095812A4B38B700E605D5 /* ContentView.swift in Sources */ = {isa = PBXBuildFile; fileRef = 329095802A4B38B700E605D5 /* ContentView.swift */; };
		329095832A4B38B900E605D5 /* Assets.xcassets in Resources */ = {isa = PBXBuildFile; fileRef = 329095822A4B38B900E605D5 /* Assets.xcassets */; };
		329095862A4B38B900E605D5 /* Preview Assets.xcassets in Resources */ = {isa = PBXBuildFile; fileRef = 329095852A4B38B900E605D5 /* Preview Assets.xcassets */; };
		32BCF58D2A4DE60C00C59108 /* TimeAndLocation.swift in Sources */ = {isa = PBXBuildFile; fileRef = 32BCF58C2A4DE60C00C59108 /* TimeAndLocation.swift */; };
/* End PBXBuildFile section */

/* Begin PBXFileReference section */
		321B9BB42A53394D00077A8A /* ImageLoader.swift */ = {isa = PBXFileReference; lastKnownFileType = sourcecode.swift; path = ImageLoader.swift; sourceTree = "<group>"; };
		321B9BB62A535E7F00077A8A /* ImageCache.swift */ = {isa = PBXFileReference; lastKnownFileType = sourcecode.swift; path = ImageCache.swift; sourceTree = "<group>"; };
		323D58C12A4C2DFF00148D42 /* MainMenuView.swift */ = {isa = PBXFileReference; lastKnownFileType = sourcecode.swift; path = MainMenuView.swift; sourceTree = "<group>"; };
		323D58C32A4C349700148D42 /* Category.swift */ = {isa = PBXFileReference; lastKnownFileType = sourcecode.swift; path = Category.swift; sourceTree = "<group>"; };
		323D58C52A4C34BB00148D42 /* Dishes.swift */ = {isa = PBXFileReference; lastKnownFileType = sourcecode.swift; path = Dishes.swift; sourceTree = "<group>"; };
		323D58C72A4C350200148D42 /* dishesModelData.json */ = {isa = PBXFileReference; fileEncoding = 4; lastKnownFileType = text.json; path = dishesModelData.json; sourceTree = "<group>"; };
		323D58C92A4C36C000148D42 /* Data.swift */ = {isa = PBXFileReference; lastKnownFileType = sourcecode.swift; path = Data.swift; sourceTree = "<group>"; };
		323D58CE2A4C397F00148D42 /* MainMenuItem.swift */ = {isa = PBXFileReference; lastKnownFileType = sourcecode.swift; path = MainMenuItem.swift; sourceTree = "<group>"; };
		323D58D02A4C418B00148D42 /* categoryModelData.json */ = {isa = PBXFileReference; fileEncoding = 4; lastKnownFileType = text.json; path = categoryModelData.json; sourceTree = "<group>"; };
		323D58D22A4C522C00148D42 /* MainMenuRow.swift */ = {isa = PBXFileReference; lastKnownFileType = sourcecode.swift; path = MainMenuRow.swift; sourceTree = "<group>"; };
		323D58D72A4C731800148D42 /* CategoryView.swift */ = {isa = PBXFileReference; lastKnownFileType = sourcecode.swift; path = CategoryView.swift; sourceTree = "<group>"; };
		323D58D92A4C7CCA00148D42 /* CategoryItem.swift */ = {isa = PBXFileReference; lastKnownFileType = sourcecode.swift; path = CategoryItem.swift; sourceTree = "<group>"; };
		323D58DB2A4C7FAE00148D42 /* CategoryRow.swift */ = {isa = PBXFileReference; lastKnownFileType = sourcecode.swift; path = CategoryRow.swift; sourceTree = "<group>"; };
		326377AC2A4D5FCD00E26F7D /* ProductView.swift */ = {isa = PBXFileReference; lastKnownFileType = sourcecode.swift; path = ProductView.swift; sourceTree = "<group>"; };
		3266FD5F2A4EB81B008B1F3B /* SortingCategory.swift */ = {isa = PBXFileReference; lastKnownFileType = sourcecode.swift; path = SortingCategory.swift; sourceTree = "<group>"; };
		3266FD632A4ED1AE008B1F3B /* CartManager.swift */ = {isa = PBXFileReference; lastKnownFileType = sourcecode.swift; path = CartManager.swift; sourceTree = "<group>"; };
		327C28D92A4DB8510025912D /* BagItem.swift */ = {isa = PBXFileReference; lastKnownFileType = sourcecode.swift; path = BagItem.swift; sourceTree = "<group>"; };
		327C28DB2A4DCA420025912D /* BagRow.swift */ = {isa = PBXFileReference; lastKnownFileType = sourcecode.swift; path = BagRow.swift; sourceTree = "<group>"; };
		327C28DD2A4DCA4D0025912D /* BagView.swift */ = {isa = PBXFileReference; lastKnownFileType = sourcecode.swift; path = BagView.swift; sourceTree = "<group>"; };
		3290957B2A4B38B700E605D5 /* Test.app */ = {isa = PBXFileReference; explicitFileType = wrapper.application; includeInIndex = 0; path = Test.app; sourceTree = BUILT_PRODUCTS_DIR; };
		3290957E2A4B38B700E605D5 /* TestApp.swift */ = {isa = PBXFileReference; lastKnownFileType = sourcecode.swift; path = TestApp.swift; sourceTree = "<group>"; };
		329095802A4B38B700E605D5 /* ContentView.swift */ = {isa = PBXFileReference; lastKnownFileType = sourcecode.swift; path = ContentView.swift; sourceTree = "<group>"; };
		329095822A4B38B900E605D5 /* Assets.xcassets */ = {isa = PBXFileReference; lastKnownFileType = folder.assetcatalog; path = Assets.xcassets; sourceTree = "<group>"; };
		329095852A4B38B900E605D5 /* Preview Assets.xcassets */ = {isa = PBXFileReference; lastKnownFileType = folder.assetcatalog; path = "Preview Assets.xcassets"; sourceTree = "<group>"; };
		32BCF58C2A4DE60C00C59108 /* TimeAndLocation.swift */ = {isa = PBXFileReference; lastKnownFileType = sourcecode.swift; path = TimeAndLocation.swift; sourceTree = "<group>"; };
/* End PBXFileReference section */

/* Begin PBXFrameworksBuildPhase section */
		329095782A4B38B700E605D5 /* Frameworks */ = {
			isa = PBXFrameworksBuildPhase;
			buildActionMask = 2147483647;
			files = (
			);
			runOnlyForDeploymentPostprocessing = 0;
		};
/* End PBXFrameworksBuildPhase section */

/* Begin PBXGroup section */
		321B9BB32A53393200077A8A /* Download Image */ = {
			isa = PBXGroup;
			children = (
				321B9BB42A53394D00077A8A /* ImageLoader.swift */,
				321B9BB62A535E7F00077A8A /* ImageCache.swift */,
			);
			path = "Download Image";
			sourceTree = "<group>";
		};
		323D58CB2A4C388300148D42 /* Resourses */ = {
			isa = PBXGroup;
			children = (
				323D58D02A4C418B00148D42 /* categoryModelData.json */,
				323D58C72A4C350200148D42 /* dishesModelData.json */,
			);
			path = Resourses;
			sourceTree = "<group>";
		};
		323D58CC2A4C389C00148D42 /* Models */ = {
			isa = PBXGroup;
			children = (
				321B9BB32A53393200077A8A /* Download Image */,
				3266FD5E2A4EB802008B1F3B /* Category Sort */,
				32BCF58B2A4DE5E500C59108 /* Navigation Bar Logic */,
				3266FD622A4ECA7C008B1F3B /* Bag Work Model */,
				323D58C92A4C36C000148D42 /* Data.swift */,
				323D58C32A4C349700148D42 /* Category.swift */,
				323D58C52A4C34BB00148D42 /* Dishes.swift */,
			);
			path = Models;
			sourceTree = "<group>";
		};
		323D58CD2A4C393700148D42 /* Main Menu  */ = {
			isa = PBXGroup;
			children = (
				323D58C12A4C2DFF00148D42 /* MainMenuView.swift */,
				323D58D22A4C522C00148D42 /* MainMenuRow.swift */,
				323D58CE2A4C397F00148D42 /* MainMenuItem.swift */,
			);
			path = "Main Menu ";
			sourceTree = "<group>";
		};
		323D58D62A4C71FD00148D42 /* Caterogy View */ = {
			isa = PBXGroup;
			children = (
				323D58D72A4C731800148D42 /* CategoryView.swift */,
				323D58DB2A4C7FAE00148D42 /* CategoryRow.swift */,
				323D58D92A4C7CCA00148D42 /* CategoryItem.swift */,
			);
			path = "Caterogy View";
			sourceTree = "<group>";
		};
		3266FD5E2A4EB802008B1F3B /* Category Sort */ = {
			isa = PBXGroup;
			children = (
				3266FD5F2A4EB81B008B1F3B /* SortingCategory.swift */,
			);
			path = "Category Sort";
			sourceTree = "<group>";
		};
		3266FD622A4ECA7C008B1F3B /* Bag Work Model */ = {
			isa = PBXGroup;
			children = (
				3266FD632A4ED1AE008B1F3B /* CartManager.swift */,
			);
			path = "Bag Work Model";
			sourceTree = "<group>";
		};
		327C28D72A4DB7870025912D /* Product Detail View */ = {
			isa = PBXGroup;
			children = (
				326377AC2A4D5FCD00E26F7D /* ProductView.swift */,
			);
			path = "Product Detail View";
			sourceTree = "<group>";
		};
		327C28D82A4DB82D0025912D /* Bag View */ = {
			isa = PBXGroup;
			children = (
				327C28DD2A4DCA4D0025912D /* BagView.swift */,
				327C28DB2A4DCA420025912D /* BagRow.swift */,
				327C28D92A4DB8510025912D /* BagItem.swift */,
			);
			path = "Bag View";
			sourceTree = "<group>";
		};
		329095722A4B38B700E605D5 = {
			isa = PBXGroup;
			children = (
				3290957D2A4B38B700E605D5 /* Test */,
				3290957C2A4B38B700E605D5 /* Products */,
			);
			sourceTree = "<group>";
		};
		3290957C2A4B38B700E605D5 /* Products */ = {
			isa = PBXGroup;
			children = (
				3290957B2A4B38B700E605D5 /* Test.app */,
			);
			name = Products;
			sourceTree = "<group>";
		};
		3290957D2A4B38B700E605D5 /* Test */ = {
			isa = PBXGroup;
			children = (
				3290957E2A4B38B700E605D5 /* TestApp.swift */,
				329095802A4B38B700E605D5 /* ContentView.swift */,
				323D58CD2A4C393700148D42 /* Main Menu  */,
				323D58D62A4C71FD00148D42 /* Caterogy View */,
				327C28D72A4DB7870025912D /* Product Detail View */,
				327C28D82A4DB82D0025912D /* Bag View */,
				323D58CC2A4C389C00148D42 /* Models */,
				323D58CB2A4C388300148D42 /* Resourses */,
				329095822A4B38B900E605D5 /* Assets.xcassets */,
				329095842A4B38B900E605D5 /* Preview Content */,
			);
			path = Test;
			sourceTree = "<group>";
		};
		329095842A4B38B900E605D5 /* Preview Content */ = {
			isa = PBXGroup;
			children = (
				329095852A4B38B900E605D5 /* Preview Assets.xcassets */,
			);
			path = "Preview Content";
			sourceTree = "<group>";
		};
		32BCF58B2A4DE5E500C59108 /* Navigation Bar Logic */ = {
			isa = PBXGroup;
			children = (
				32BCF58C2A4DE60C00C59108 /* TimeAndLocation.swift */,
			);
			path = "Navigation Bar Logic";
			sourceTree = "<group>";
		};
/* End PBXGroup section */

/* Begin PBXNativeTarget section */
		3290957A2A4B38B700E605D5 /* Test */ = {
			isa = PBXNativeTarget;
			buildConfigurationList = 329095892A4B38B900E605D5 /* Build configuration list for PBXNativeTarget "Test" */;
			buildPhases = (
				329095772A4B38B700E605D5 /* Sources */,
				329095782A4B38B700E605D5 /* Frameworks */,
				329095792A4B38B700E605D5 /* Resources */,
			);
			buildRules = (
			);
			dependencies = (
			);
			name = Test;
			packageProductDependencies = (
			);
			productName = Test;
			productReference = 3290957B2A4B38B700E605D5 /* Test.app */;
			productType = "com.apple.product-type.application";
		};
/* End PBXNativeTarget section */

/* Begin PBXProject section */
		329095732A4B38B700E605D5 /* Project object */ = {
			isa = PBXProject;
			attributes = {
				BuildIndependentTargetsInParallel = 1;
				LastSwiftUpdateCheck = 1430;
				LastUpgradeCheck = 1430;
				TargetAttributes = {
					3290957A2A4B38B700E605D5 = {
						CreatedOnToolsVersion = 14.3.1;
					};
				};
			};
			buildConfigurationList = 329095762A4B38B700E605D5 /* Build configuration list for PBXProject "Test" */;
			compatibilityVersion = "Xcode 14.0";
			developmentRegion = en;
			hasScannedForEncodings = 0;
			knownRegions = (
				en,
				Base,
			);
			mainGroup = 329095722A4B38B700E605D5;
			packageReferences = (
			);
			productRefGroup = 3290957C2A4B38B700E605D5 /* Products */;
			projectDirPath = "";
			projectRoot = "";
			targets = (
				3290957A2A4B38B700E605D5 /* Test */,
			);
		};
/* End PBXProject section */

/* Begin PBXResourcesBuildPhase section */
		329095792A4B38B700E605D5 /* Resources */ = {
			isa = PBXResourcesBuildPhase;
			buildActionMask = 2147483647;
			files = (
				323D58C82A4C350300148D42 /* dishesModelData.json in Resources */,
				329095862A4B38B900E605D5 /* Preview Assets.xcassets in Resources */,
				329095832A4B38B900E605D5 /* Assets.xcassets in Resources */,
				323D58D12A4C418B00148D42 /* categoryModelData.json in Resources */,
			);
			runOnlyForDeploymentPostprocessing = 0;
		};
/* End PBXResourcesBuildPhase section */

/* Begin PBXSourcesBuildPhase section */
		329095772A4B38B700E605D5 /* Sources */ = {
			isa = PBXSourcesBuildPhase;
			buildActionMask = 2147483647;
			files = (
				323D58DC2A4C7FAE00148D42 /* CategoryRow.swift in Sources */,
				329095812A4B38B700E605D5 /* ContentView.swift in Sources */,
				326377AD2A4D5FCD00E26F7D /* ProductView.swift in Sources */,
				327C28DC2A4DCA420025912D /* BagRow.swift in Sources */,
				323D58CA2A4C36C000148D42 /* Data.swift in Sources */,
				323D58D32A4C522C00148D42 /* MainMenuRow.swift in Sources */,
				3266FD602A4EB81B008B1F3B /* SortingCategory.swift in Sources */,
				3290957F2A4B38B700E605D5 /* TestApp.swift in Sources */,
				32BCF58D2A4DE60C00C59108 /* TimeAndLocation.swift in Sources */,
				321B9BB52A53394D00077A8A /* ImageLoader.swift in Sources */,
				321B9BB72A535E7F00077A8A /* ImageCache.swift in Sources */,
				323D58CF2A4C397F00148D42 /* MainMenuItem.swift in Sources */,
				327C28DA2A4DB8510025912D /* BagItem.swift in Sources */,
				323D58C62A4C34BB00148D42 /* Dishes.swift in Sources */,
				323D58C22A4C2DFF00148D42 /* MainMenuView.swift in Sources */,
				323D58C42A4C349700148D42 /* Category.swift in Sources */,
				323D58DA2A4C7CCA00148D42 /* CategoryItem.swift in Sources */,
				3266FD642A4ED1AE008B1F3B /* CartManager.swift in Sources */,
				327C28DE2A4DCA4D0025912D /* BagView.swift in Sources */,
				323D58D82A4C731800148D42 /* CategoryView.swift in Sources */,
			);
			runOnlyForDeploymentPostprocessing = 0;
		};
/* End PBXSourcesBuildPhase section */

/* Begin XCBuildConfiguration section */
		329095872A4B38B900E605D5 /* Debug */ = {
			isa = XCBuildConfiguration;
			buildSettings = {
				ALWAYS_SEARCH_USER_PATHS = NO;
				CLANG_ANALYZER_NONNULL = YES;
				CLANG_ANALYZER_NUMBER_OBJECT_CONVERSION = YES_AGGRESSIVE;
				CLANG_CXX_LANGUAGE_STANDARD = "gnu++20";
				CLANG_ENABLE_MODULES = YES;
				CLANG_ENABLE_OBJC_ARC = YES;
				CLANG_ENABLE_OBJC_WEAK = YES;
				CLANG_WARN_BLOCK_CAPTURE_AUTORELEASING = YES;
				CLANG_WARN_BOOL_CONVERSION = YES;
				CLANG_WARN_COMMA = YES;
				CLANG_WARN_CONSTANT_CONVERSION = YES;
				CLANG_WARN_DEPRECATED_OBJC_IMPLEMENTATIONS = YES;
				CLANG_WARN_DIRECT_OBJC_ISA_USAGE = YES_ERROR;
				CLANG_WARN_DOCUMENTATION_COMMENTS = YES;
				CLANG_WARN_EMPTY_BODY = YES;
				CLANG_WARN_ENUM_CONVERSION = YES;
				CLANG_WARN_INFINITE_RECURSION = YES;
				CLANG_WARN_INT_CONVERSION = YES;
				CLANG_WARN_NON_LITERAL_NULL_CONVERSION = YES;
				CLANG_WARN_OBJC_IMPLICIT_RETAIN_SELF = YES;
				CLANG_WARN_OBJC_LITERAL_CONVERSION = YES;
				CLANG_WARN_OBJC_ROOT_CLASS = YES_ERROR;
				CLANG_WARN_QUOTED_INCLUDE_IN_FRAMEWORK_HEADER = YES;
				CLANG_WARN_RANGE_LOOP_ANALYSIS = YES;
				CLANG_WARN_STRICT_PROTOTYPES = YES;
				CLANG_WARN_SUSPICIOUS_MOVE = YES;
				CLANG_WARN_UNGUARDED_AVAILABILITY = YES_AGGRESSIVE;
				CLANG_WARN_UNREACHABLE_CODE = YES;
				CLANG_WARN__DUPLICATE_METHOD_MATCH = YES;
				COPY_PHASE_STRIP = NO;
				DEBUG_INFORMATION_FORMAT = dwarf;
				ENABLE_STRICT_OBJC_MSGSEND = YES;
				ENABLE_TESTABILITY = YES;
				GCC_C_LANGUAGE_STANDARD = gnu11;
				GCC_DYNAMIC_NO_PIC = NO;
				GCC_NO_COMMON_BLOCKS = YES;
				GCC_OPTIMIZATION_LEVEL = 0;
				GCC_PREPROCESSOR_DEFINITIONS = (
					"DEBUG=1",
					"$(inherited)",
				);
				GCC_WARN_64_TO_32_BIT_CONVERSION = YES;
				GCC_WARN_ABOUT_RETURN_TYPE = YES_ERROR;
				GCC_WARN_UNDECLARED_SELECTOR = YES;
				GCC_WARN_UNINITIALIZED_AUTOS = YES_AGGRESSIVE;
				GCC_WARN_UNUSED_FUNCTION = YES;
				GCC_WARN_UNUSED_VARIABLE = YES;
				IPHONEOS_DEPLOYMENT_TARGET = 16.4;
				MTL_ENABLE_DEBUG_INFO = INCLUDE_SOURCE;
				MTL_FAST_MATH = YES;
				ONLY_ACTIVE_ARCH = YES;
				SDKROOT = iphoneos;
				SWIFT_ACTIVE_COMPILATION_CONDITIONS = DEBUG;
				SWIFT_OPTIMIZATION_LEVEL = "-Onone";
			};
			name = Debug;
		};
		329095882A4B38B900E605D5 /* Release */ = {
			isa = XCBuildConfiguration;
			buildSettings = {
				ALWAYS_SEARCH_USER_PATHS = NO;
				CLANG_ANALYZER_NONNULL = YES;
				CLANG_ANALYZER_NUMBER_OBJECT_CONVERSION = YES_AGGRESSIVE;
				CLANG_CXX_LANGUAGE_STANDARD = "gnu++20";
				CLANG_ENABLE_MODULES = YES;
				CLANG_ENABLE_OBJC_ARC = YES;
				CLANG_ENABLE_OBJC_WEAK = YES;
				CLANG_WARN_BLOCK_CAPTURE_AUTORELEASING = YES;
				CLANG_WARN_BOOL_CONVERSION = YES;
				CLANG_WARN_COMMA = YES;
				CLANG_WARN_CONSTANT_CONVERSION = YES;
				CLANG_WARN_DEPRECATED_OBJC_IMPLEMENTATIONS = YES;
				CLANG_WARN_DIRECT_OBJC_ISA_USAGE = YES_ERROR;
				CLANG_WARN_DOCUMENTATION_COMMENTS = YES;
				CLANG_WARN_EMPTY_BODY = YES;
				CLANG_WARN_ENUM_CONVERSION = YES;
				CLANG_WARN_INFINITE_RECURSION = YES;
				CLANG_WARN_INT_CONVERSION = YES;
				CLANG_WARN_NON_LITERAL_NULL_CONVERSION = YES;
				CLANG_WARN_OBJC_IMPLICIT_RETAIN_SELF = YES;
				CLANG_WARN_OBJC_LITERAL_CONVERSION = YES;
				CLANG_WARN_OBJC_ROOT_CLASS = YES_ERROR;
				CLANG_WARN_QUOTED_INCLUDE_IN_FRAMEWORK_HEADER = YES;
				CLANG_WARN_RANGE_LOOP_ANALYSIS = YES;
				CLANG_WARN_STRICT_PROTOTYPES = YES;
				CLANG_WARN_SUSPICIOUS_MOVE = YES;
				CLANG_WARN_UNGUARDED_AVAILABILITY = YES_AGGRESSIVE;
				CLANG_WARN_UNREACHABLE_CODE = YES;
				CLANG_WARN__DUPLICATE_METHOD_MATCH = YES;
				COPY_PHASE_STRIP = NO;
				DEBUG_INFORMATION_FORMAT = "dwarf-with-dsym";
				ENABLE_NS_ASSERTIONS = NO;
				ENABLE_STRICT_OBJC_MSGSEND = YES;
				GCC_C_LANGUAGE_STANDARD = gnu11;
				GCC_NO_COMMON_BLOCKS = YES;
				GCC_WARN_64_TO_32_BIT_CONVERSION = YES;
				GCC_WARN_ABOUT_RETURN_TYPE = YES_ERROR;
				GCC_WARN_UNDECLARED_SELECTOR = YES;
				GCC_WARN_UNINITIALIZED_AUTOS = YES_AGGRESSIVE;
				GCC_WARN_UNUSED_FUNCTION = YES;
				GCC_WARN_UNUSED_VARIABLE = YES;
				IPHONEOS_DEPLOYMENT_TARGET = 16.4;
				MTL_ENABLE_DEBUG_INFO = NO;
				MTL_FAST_MATH = YES;
				SDKROOT = iphoneos;
				SWIFT_COMPILATION_MODE = wholemodule;
				SWIFT_OPTIMIZATION_LEVEL = "-O";
				VALIDATE_PRODUCT = YES;
			};
			name = Release;
		};
		3290958A2A4B38B900E605D5 /* Debug */ = {
			isa = XCBuildConfiguration;
			buildSettings = {
				ASSETCATALOG_COMPILER_APPICON_NAME = AppIcon;
				ASSETCATALOG_COMPILER_GLOBAL_ACCENT_COLOR_NAME = AccentColor;
				CODE_SIGN_STYLE = Automatic;
				CURRENT_PROJECT_VERSION = 1;
				DEVELOPMENT_ASSET_PATHS = "\"Test/Preview Content\"";
				DEVELOPMENT_TEAM = Q7HLS9L7NM;
				ENABLE_PREVIEWS = YES;
				GENERATE_INFOPLIST_FILE = YES;
				INFOPLIST_KEY_NSLocationAlwaysAndWhenInUseUsageDescription = "Разреши пользоваться";
				INFOPLIST_KEY_NSLocationWhenInUseUsageDescription = "Разреши пользоваться";
				INFOPLIST_KEY_UIApplicationSceneManifest_Generation = YES;
				INFOPLIST_KEY_UIApplicationSupportsIndirectInputEvents = YES;
				INFOPLIST_KEY_UILaunchScreen_Generation = YES;
				INFOPLIST_KEY_UISupportedInterfaceOrientations_iPad = "UIInterfaceOrientationPortrait UIInterfaceOrientationPortraitUpsideDown UIInterfaceOrientationLandscapeLeft UIInterfaceOrientationLandscapeRight";
				INFOPLIST_KEY_UISupportedInterfaceOrientations_iPhone = "UIInterfaceOrientationPortrait UIInterfaceOrientationLandscapeLeft UIInterfaceOrientationLandscapeRight";
				LD_RUNPATH_SEARCH_PATHS = (
					"$(inherited)",
					"@executable_path/Frameworks",
				);
				MARKETING_VERSION = 1.0;
				PRODUCT_BUNDLE_IDENTIFIER = gadji.Test;
				PRODUCT_NAME = "$(TARGET_NAME)";
				SWIFT_EMIT_LOC_STRINGS = YES;
				SWIFT_VERSION = 5.0;
				TARGETED_DEVICE_FAMILY = "1,2";
			};
			name = Debug;
		};
		3290958B2A4B38B900E605D5 /* Release */ = {
			isa = XCBuildConfiguration;
			buildSettings = {
				ASSETCATALOG_COMPILER_APPICON_NAME = AppIcon;
				ASSETCATALOG_COMPILER_GLOBAL_ACCENT_COLOR_NAME = AccentColor;
				CODE_SIGN_STYLE = Automatic;
				CURRENT_PROJECT_VERSION = 1;
				DEVELOPMENT_ASSET_PATHS = "\"Test/Preview Content\"";
				DEVELOPMENT_TEAM = Q7HLS9L7NM;
				ENABLE_PREVIEWS = YES;
				GENERATE_INFOPLIST_FILE = YES;
				INFOPLIST_KEY_NSLocationAlwaysAndWhenInUseUsageDescription = "Разреши пользоваться";
				INFOPLIST_KEY_NSLocationWhenInUseUsageDescription = "Разреши пользоваться";
				INFOPLIST_KEY_UIApplicationSceneManifest_Generation = YES;
				INFOPLIST_KEY_UIApplicationSupportsIndirectInputEvents = YES;
				INFOPLIST_KEY_UILaunchScreen_Generation = YES;
				INFOPLIST_KEY_UISupportedInterfaceOrientations_iPad = "UIInterfaceOrientationPortrait UIInterfaceOrientationPortraitUpsideDown UIInterfaceOrientationLandscapeLeft UIInterfaceOrientationLandscapeRight";
				INFOPLIST_KEY_UISupportedInterfaceOrientations_iPhone = "UIInterfaceOrientationPortrait UIInterfaceOrientationLandscapeLeft UIInterfaceOrientationLandscapeRight";
				LD_RUNPATH_SEARCH_PATHS = (
					"$(inherited)",
					"@executable_path/Frameworks",
				);
				MARKETING_VERSION = 1.0;
				PRODUCT_BUNDLE_IDENTIFIER = gadji.Test;
				PRODUCT_NAME = "$(TARGET_NAME)";
				SWIFT_EMIT_LOC_STRINGS = YES;
				SWIFT_VERSION = 5.0;
				TARGETED_DEVICE_FAMILY = "1,2";
			};
			name = Release;
		};
/* End XCBuildConfiguration section */

/* Begin XCConfigurationList section */
		329095762A4B38B700E605D5 /* Build configuration list for PBXProject "Test" */ = {
			isa = XCConfigurationList;
			buildConfigurations = (
				329095872A4B38B900E605D5 /* Debug */,
				329095882A4B38B900E605D5 /* Release */,
			);
			defaultConfigurationIsVisible = 0;
			defaultConfigurationName = Release;
		};
		329095892A4B38B900E605D5 /* Build configuration list for PBXNativeTarget "Test" */ = {
			isa = XCConfigurationList;
			buildConfigurations = (
				3290958A2A4B38B900E605D5 /* Debug */,
				3290958B2A4B38B900E605D5 /* Release */,
			);
			defaultConfigurationIsVisible = 0;
			defaultConfigurationName = Release;
		};
/* End XCConfigurationList section */
	};
	rootObject = 329095732A4B38B700E605D5 /* Project object */;
}
